dependencies:
  espressif/mdns:
    component_hash: 77ece55f01ce3723d8f1baff6e586fdb342adcbf956e39509a4fa323f278f290
    dependencies:
    - name: idf
      require: private
      version: '>=5.0'
    source:
      registry_url: https://components.espressif.com/
      type: service
    version: 1.8.1
  espressif/pid_ctrl:
    component_hash: 22af0226d7adbea821e4c1a8c1fa5dad23c883eb7457e95e19342883a37c44a3
    dependencies:
    - name: idf
      require: private
      version: '>=4.4'
    source:
      registry_url: https://components.espressif.com/
      type: service
    version: 0.2.0
  idf:
    source:
      type: idf
    version: 5.1.2
direct_dependencies:
- espressif/mdns
- espressif/pid_ctrl
- idf
manifest_hash: eb68b1bd50d17df4563eb3e287da03d42c48336aa711629873e5a2d20791aba0
target: esp32s3
version: 2.0.0
