dependencies:
  espressif/bdc_motor:
    component_hash: 9292b605cfd390ff62225caa93e02700b86377e6a3156620192e4876dcf87b27
    dependencies:
    - name: idf
      require: private
      version: '>=5.0'
    source:
      registry_url: https://components.espressif.com/
      type: service
    version: 0.1.0
  espressif/mdns:
    component_hash: 3ec0af5f6bce310512e90f482388d21cc7c0e99668172d2f895356165fc6f7c5
    dependencies:
    - name: idf
      require: private
      version: '>=5.0'
    source:
      registry_url: https://components.espressif.com/
      type: service
    version: 1.8.2
  espressif/mpu6050:
    component_hash: d69219ccb141372b863c511749ffbeab28417ac71c205d7ed7030c308e1b6832
    dependencies:
    - name: idf
      require: private
      version: '>=4.0'
    source:
      registry_url: https://components.espressif.com/
      type: service
    version: 1.2.0
  espressif/pid_ctrl:
    component_hash: 17bd99c0160f1c327803aceb088ef0e4ab3410ceb0708cb87fcc950bb62e5698
    dependencies:
    - name: idf
      require: private
      version: '>=4.4'
    source:
      registry_url: https://components.espressif.com/
      type: service
    version: 0.1.1
  idf:
    source:
      type: idf
    version: 5.1.4
direct_dependencies:
- espressif/bdc_motor
- espressif/mdns
- espressif/mpu6050
- espressif/pid_ctrl
- idf
manifest_hash: 3a14bcbdfa0275712b97f41e686771efe0c782be7f0c5cc9f965c5bd465e97b0
target: esp32s3
version: 2.0.0
